// !$*UTF8*$!
{
	archiveVersion = 1;
	classes = {
	};
	objectVersion = 46;
	objects = {

/* Begin PBXAggregateTarget section */
		"SwiftyCore::SwiftyCorePackageTests::ProductTarget" /* SwiftyCorePackageTests */ = {
			isa = PBXAggregateTarget;
			buildConfigurationList = OBJ_32 /* Build configuration list for PBXAggregateTarget "SwiftyCorePackageTests" */;
			buildPhases = (
			);
			dependencies = (
				OBJ_35 /* PBXTargetDependency */,
			);
			name = SwiftyCorePackageTests;
			productName = SwiftyCorePackageTests;
		};
/* End PBXAggregateTarget section */

/* Begin PBXBuildFile section */
		EEC929DD2568B54000348866 /* UI.swift in Sources */ = {isa = PBXBuildFile; fileRef = EEC929DC2568B54000348866 /* UI.swift */; };
		EEC92A212568B8B700348866 /* UIAlertController+Extension.swift in Sources */ = {isa = PBXBuildFile; fileRef = EEC92A0F2568B8B700348866 /* UIAlertController+Extension.swift */; };
		EEC92A222568B8B700348866 /* UIViewController+Extension.swift in Sources */ = {isa = PBXBuildFile; fileRef = EEC92A102568B8B700348866 /* UIViewController+Extension.swift */; };
		EEC92A232568B8B700348866 /* Alertable.swift in Sources */ = {isa = PBXBuildFile; fileRef = EEC92A122568B8B700348866 /* Alertable.swift */; };
		EEC92A242568B8B700348866 /* DocumentPickable.swift in Sources */ = {isa = PBXBuildFile; fileRef = EEC92A132568B8B700348866 /* DocumentPickable.swift */; };
		EEC92A252568B8B700348866 /* PickerItem.swift in Sources */ = {isa = PBXBuildFile; fileRef = EEC92A142568B8B700348866 /* PickerItem.swift */; };
		EEC92A262568B8B700348866 /* Animatable.swift in Sources */ = {isa = PBXBuildFile; fileRef = EEC92A152568B8B700348866 /* Animatable.swift */; };
		EEC92A272568B8B700348866 /* ImagePickable.swift in Sources */ = {isa = PBXBuildFile; fileRef = EEC92A162568B8B700348866 /* ImagePickable.swift */; };
		EEC92A282568B8B700348866 /* Toastable.swift in Sources */ = {isa = PBXBuildFile; fileRef = EEC92A172568B8B700348866 /* Toastable.swift */; };
		EEC92A292568B8B700348866 /* KeyboardPresentable.swift in Sources */ = {isa = PBXBuildFile; fileRef = EEC92A182568B8B700348866 /* KeyboardPresentable.swift */; };
		EEC92A2A2568B8B700348866 /* LoadingController.swift in Sources */ = {isa = PBXBuildFile; fileRef = EEC92A1B2568B8B700348866 /* LoadingController.swift */; };
		EEC92A2B2568B8B700348866 /* LoadingViewController.swift in Sources */ = {isa = PBXBuildFile; fileRef = EEC92A1D2568B8B700348866 /* LoadingViewController.swift */; };
		EEC92A2C2568B8B700348866 /* BaseViewController.swift in Sources */ = {isa = PBXBuildFile; fileRef = EEC92A1F2568B8B700348866 /* BaseViewController.swift */; };
		EEC92A2D2568B8B700348866 /* BaseController.swift in Sources */ = {isa = PBXBuildFile; fileRef = EEC92A202568B8B700348866 /* BaseController.swift */; };
		EEC92A332568B94400348866 /* Text.swift in Sources */ = {isa = PBXBuildFile; fileRef = EEC92A322568B94400348866 /* Text.swift */; };
		OBJ_23 /* SwiftyCore.swift in Sources */ = {isa = PBXBuildFile; fileRef = OBJ_9 /* SwiftyCore.swift */; };
		OBJ_30 /* Package.swift in Sources */ = {isa = PBXBuildFile; fileRef = OBJ_6 /* Package.swift */; };
		OBJ_41 /* SwiftyCoreTests.swift in Sources */ = {isa = PBXBuildFile; fileRef = OBJ_12 /* SwiftyCoreTests.swift */; };
		OBJ_42 /* XCTestManifests.swift in Sources */ = {isa = PBXBuildFile; fileRef = OBJ_13 /* XCTestManifests.swift */; };
		OBJ_44 /* SwiftyCore.framework in Frameworks */ = {isa = PBXBuildFile; fileRef = "SwiftyCore::SwiftyCore::Product" /* SwiftyCore.framework */; };
/* End PBXBuildFile section */

/* Begin PBXContainerItemProxy section */
		EEC929D22568B49600348866 /* PBXContainerItemProxy */ = {
			isa = PBXContainerItemProxy;
			containerPortal = OBJ_1 /* Project object */;
			proxyType = 1;
			remoteGlobalIDString = "SwiftyCore::SwiftyCore";
			remoteInfo = SwiftyCore;
		};
		EEC929D52568B49700348866 /* PBXContainerItemProxy */ = {
			isa = PBXContainerItemProxy;
			containerPortal = OBJ_1 /* Project object */;
			proxyType = 1;
			remoteGlobalIDString = "SwiftyCore::SwiftyCoreTests";
			remoteInfo = SwiftyCoreTests;
		};
/* End PBXContainerItemProxy section */

/* Begin PBXFileReference section */
		EEC929DC2568B54000348866 /* UI.swift */ = {isa = PBXFileReference; lastKnownFileType = sourcecode.swift; path = UI.swift; sourceTree = "<group>"; };
		EEC92A0F2568B8B700348866 /* UIAlertController+Extension.swift */ = {isa = PBXFileReference; fileEncoding = 4; lastKnownFileType = sourcecode.swift; path = "UIAlertController+Extension.swift"; sourceTree = "<group>"; };
		EEC92A102568B8B700348866 /* UIViewController+Extension.swift */ = {isa = PBXFileReference; fileEncoding = 4; lastKnownFileType = sourcecode.swift; path = "UIViewController+Extension.swift"; sourceTree = "<group>"; };
		EEC92A122568B8B700348866 /* Alertable.swift */ = {isa = PBXFileReference; fileEncoding = 4; lastKnownFileType = sourcecode.swift; path = Alertable.swift; sourceTree = "<group>"; };
		EEC92A132568B8B700348866 /* DocumentPickable.swift */ = {isa = PBXFileReference; fileEncoding = 4; lastKnownFileType = sourcecode.swift; path = DocumentPickable.swift; sourceTree = "<group>"; };
		EEC92A142568B8B700348866 /* PickerItem.swift */ = {isa = PBXFileReference; fileEncoding = 4; lastKnownFileType = sourcecode.swift; path = PickerItem.swift; sourceTree = "<group>"; };
		EEC92A152568B8B700348866 /* Animatable.swift */ = {isa = PBXFileReference; fileEncoding = 4; lastKnownFileType = sourcecode.swift; path = Animatable.swift; sourceTree = "<group>"; };
		EEC92A162568B8B700348866 /* ImagePickable.swift */ = {isa = PBXFileReference; fileEncoding = 4; lastKnownFileType = sourcecode.swift; path = ImagePickable.swift; sourceTree = "<group>"; };
		EEC92A172568B8B700348866 /* Toastable.swift */ = {isa = PBXFileReference; fileEncoding = 4; lastKnownFileType = sourcecode.swift; path = Toastable.swift; sourceTree = "<group>"; };
		EEC92A182568B8B700348866 /* KeyboardPresentable.swift */ = {isa = PBXFileReference; fileEncoding = 4; lastKnownFileType = sourcecode.swift; path = KeyboardPresentable.swift; sourceTree = "<group>"; };
		EEC92A1B2568B8B700348866 /* LoadingController.swift */ = {isa = PBXFileReference; fileEncoding = 4; lastKnownFileType = sourcecode.swift; path = LoadingController.swift; sourceTree = "<group>"; };
		EEC92A1C2568B8B700348866 /* LoadingViewController.xib */ = {isa = PBXFileReference; fileEncoding = 4; lastKnownFileType = file.xib; path = LoadingViewController.xib; sourceTree = "<group>"; };
		EEC92A1D2568B8B700348866 /* LoadingViewController.swift */ = {isa = PBXFileReference; fileEncoding = 4; lastKnownFileType = sourcecode.swift; path = LoadingViewController.swift; sourceTree = "<group>"; };
		EEC92A1F2568B8B700348866 /* BaseViewController.swift */ = {isa = PBXFileReference; fileEncoding = 4; lastKnownFileType = sourcecode.swift; path = BaseViewController.swift; sourceTree = "<group>"; };
		EEC92A202568B8B700348866 /* BaseController.swift */ = {isa = PBXFileReference; fileEncoding = 4; lastKnownFileType = sourcecode.swift; path = BaseController.swift; sourceTree = "<group>"; };
		EEC92A322568B94400348866 /* Text.swift */ = {isa = PBXFileReference; lastKnownFileType = sourcecode.swift; path = Text.swift; sourceTree = "<group>"; };
		OBJ_12 /* SwiftyCoreTests.swift */ = {isa = PBXFileReference; lastKnownFileType = sourcecode.swift; path = SwiftyCoreTests.swift; sourceTree = "<group>"; };
		OBJ_13 /* XCTestManifests.swift */ = {isa = PBXFileReference; lastKnownFileType = sourcecode.swift; path = XCTestManifests.swift; sourceTree = "<group>"; };
		OBJ_17 /* README.md */ = {isa = PBXFileReference; lastKnownFileType = net.daringfireball.markdown; path = README.md; sourceTree = "<group>"; };
		OBJ_6 /* Package.swift */ = {isa = PBXFileReference; explicitFileType = sourcecode.swift; path = Package.swift; sourceTree = "<group>"; };
		OBJ_9 /* SwiftyCore.swift */ = {isa = PBXFileReference; lastKnownFileType = sourcecode.swift; path = SwiftyCore.swift; sourceTree = "<group>"; };
		"SwiftyCore::SwiftyCore::Product" /* SwiftyCore.framework */ = {isa = PBXFileReference; lastKnownFileType = wrapper.framework; path = SwiftyCore.framework; sourceTree = BUILT_PRODUCTS_DIR; };
		"SwiftyCore::SwiftyCoreTests::Product" /* SwiftyCoreTests.xctest */ = {isa = PBXFileReference; lastKnownFileType = file; path = SwiftyCoreTests.xctest; sourceTree = BUILT_PRODUCTS_DIR; };
/* End PBXFileReference section */

/* Begin PBXFrameworksBuildPhase section */
		OBJ_24 /* Frameworks */ = {
			isa = PBXFrameworksBuildPhase;
			buildActionMask = 0;
			files = (
			);
			runOnlyForDeploymentPostprocessing = 0;
		};
		OBJ_43 /* Frameworks */ = {
			isa = PBXFrameworksBuildPhase;
			buildActionMask = 0;
			files = (
				OBJ_44 /* SwiftyCore.framework in Frameworks */,
			);
			runOnlyForDeploymentPostprocessing = 0;
		};
/* End PBXFrameworksBuildPhase section */

/* Begin PBXGroup section */
		EEC92A0D2568B89A00348866 /* UI */ = {
			isa = PBXGroup;
			children = (
				EEC929DC2568B54000348866 /* UI.swift */,
				EEC92A0E2568B8B700348866 /* Extensions */,
				EEC92A112568B8B700348866 /* Protocols */,
				EEC92A192568B8B700348866 /* Views */,
				EEC92A322568B94400348866 /* Text.swift */,
			);
			path = UI;
			sourceTree = "<group>";
		};
		EEC92A0E2568B8B700348866 /* Extensions */ = {
			isa = PBXGroup;
			children = (
				EEC92A0F2568B8B700348866 /* UIAlertController+Extension.swift */,
				EEC92A102568B8B700348866 /* UIViewController+Extension.swift */,
			);
			path = Extensions;
			sourceTree = "<group>";
		};
		EEC92A112568B8B700348866 /* Protocols */ = {
			isa = PBXGroup;
			children = (
				EEC92A122568B8B700348866 /* Alertable.swift */,
				EEC92A132568B8B700348866 /* DocumentPickable.swift */,
				EEC92A142568B8B700348866 /* PickerItem.swift */,
				EEC92A152568B8B700348866 /* Animatable.swift */,
				EEC92A162568B8B700348866 /* ImagePickable.swift */,
				EEC92A172568B8B700348866 /* Toastable.swift */,
				EEC92A182568B8B700348866 /* KeyboardPresentable.swift */,
			);
			path = Protocols;
			sourceTree = "<group>";
		};
		EEC92A192568B8B700348866 /* Views */ = {
			isa = PBXGroup;
			children = (
				EEC92A1A2568B8B700348866 /* LoadingView */,
				EEC92A1E2568B8B700348866 /* BaseViewController */,
			);
			path = Views;
			sourceTree = "<group>";
		};
		EEC92A1A2568B8B700348866 /* LoadingView */ = {
			isa = PBXGroup;
			children = (
				EEC92A1B2568B8B700348866 /* LoadingController.swift */,
				EEC92A1C2568B8B700348866 /* LoadingViewController.xib */,
				EEC92A1D2568B8B700348866 /* LoadingViewController.swift */,
			);
			path = LoadingView;
			sourceTree = "<group>";
		};
		EEC92A1E2568B8B700348866 /* BaseViewController */ = {
			isa = PBXGroup;
			children = (
				EEC92A1F2568B8B700348866 /* BaseViewController.swift */,
				EEC92A202568B8B700348866 /* BaseController.swift */,
			);
			path = BaseViewController;
			sourceTree = "<group>";
		};
		OBJ_10 /* Tests */ = {
			isa = PBXGroup;
			children = (
				OBJ_11 /* SwiftyCoreTests */,
			);
			name = Tests;
			sourceTree = SOURCE_ROOT;
		};
		OBJ_11 /* SwiftyCoreTests */ = {
			isa = PBXGroup;
			children = (
				OBJ_12 /* SwiftyCoreTests.swift */,
				OBJ_13 /* XCTestManifests.swift */,
			);
			name = SwiftyCoreTests;
			path = Tests/SwiftyCoreTests;
			sourceTree = SOURCE_ROOT;
		};
		OBJ_14 /* Products */ = {
			isa = PBXGroup;
			children = (
				"SwiftyCore::SwiftyCoreTests::Product" /* SwiftyCoreTests.xctest */,
				"SwiftyCore::SwiftyCore::Product" /* SwiftyCore.framework */,
			);
			name = Products;
			sourceTree = BUILT_PRODUCTS_DIR;
		};
		OBJ_5 = {
			isa = PBXGroup;
			children = (
				OBJ_6 /* Package.swift */,
				OBJ_7 /* Sources */,
				OBJ_10 /* Tests */,
				OBJ_14 /* Products */,
				OBJ_17 /* README.md */,
			);
			sourceTree = "<group>";
		};
		OBJ_7 /* Sources */ = {
			isa = PBXGroup;
			children = (
				OBJ_8 /* SwiftyCore */,
			);
			name = Sources;
			sourceTree = SOURCE_ROOT;
		};
		OBJ_8 /* SwiftyCore */ = {
			isa = PBXGroup;
			children = (
				EEC92A0D2568B89A00348866 /* UI */,
				OBJ_9 /* SwiftyCore.swift */,
			);
			name = SwiftyCore;
			path = Sources/SwiftyCore;
			sourceTree = SOURCE_ROOT;
		};
/* End PBXGroup section */

/* Begin PBXNativeTarget section */
		"SwiftyCore::SwiftPMPackageDescription" /* SwiftyCorePackageDescription */ = {
			isa = PBXNativeTarget;
			buildConfigurationList = OBJ_26 /* Build configuration list for PBXNativeTarget "SwiftyCorePackageDescription" */;
			buildPhases = (
				OBJ_29 /* Sources */,
			);
			buildRules = (
			);
			dependencies = (
			);
			name = SwiftyCorePackageDescription;
			productName = SwiftyCorePackageDescription;
			productType = "com.apple.product-type.framework";
		};
		"SwiftyCore::SwiftyCore" /* SwiftyCore */ = {
			isa = PBXNativeTarget;
			buildConfigurationList = OBJ_19 /* Build configuration list for PBXNativeTarget "SwiftyCore" */;
			buildPhases = (
				OBJ_22 /* Sources */,
				OBJ_24 /* Frameworks */,
			);
			buildRules = (
			);
			dependencies = (
			);
			name = SwiftyCore;
			productName = SwiftyCore;
			productReference = "SwiftyCore::SwiftyCore::Product" /* SwiftyCore.framework */;
			productType = "com.apple.product-type.framework";
		};
		"SwiftyCore::SwiftyCoreTests" /* SwiftyCoreTests */ = {
			isa = PBXNativeTarget;
			buildConfigurationList = OBJ_37 /* Build configuration list for PBXNativeTarget "SwiftyCoreTests" */;
			buildPhases = (
				OBJ_40 /* Sources */,
				OBJ_43 /* Frameworks */,
			);
			buildRules = (
			);
			dependencies = (
				OBJ_45 /* PBXTargetDependency */,
			);
			name = SwiftyCoreTests;
			productName = SwiftyCoreTests;
			productReference = "SwiftyCore::SwiftyCoreTests::Product" /* SwiftyCoreTests.xctest */;
			productType = "com.apple.product-type.bundle.unit-test";
		};
/* End PBXNativeTarget section */

/* Begin PBXProject section */
		OBJ_1 /* Project object */ = {
			isa = PBXProject;
			attributes = {
				LastSwiftMigration = 9999;
				LastUpgradeCheck = 9999;
			};
			buildConfigurationList = OBJ_2 /* Build configuration list for PBXProject "SwiftyCore" */;
			compatibilityVersion = "Xcode 3.2";
			developmentRegion = en;
			hasScannedForEncodings = 0;
			knownRegions = (
				en,
			);
			mainGroup = OBJ_5;
			productRefGroup = OBJ_14 /* Products */;
			projectDirPath = "";
			projectRoot = "";
			targets = (
				"SwiftyCore::SwiftyCore" /* SwiftyCore */,
				"SwiftyCore::SwiftPMPackageDescription" /* SwiftyCorePackageDescription */,
				"SwiftyCore::SwiftyCorePackageTests::ProductTarget" /* SwiftyCorePackageTests */,
				"SwiftyCore::SwiftyCoreTests" /* SwiftyCoreTests */,
			);
		};
/* End PBXProject section */

/* Begin PBXSourcesBuildPhase section */
		OBJ_22 /* Sources */ = {
			isa = PBXSourcesBuildPhase;
			buildActionMask = 0;
			files = (
				EEC92A2A2568B8B700348866 /* LoadingController.swift in Sources */,
				EEC92A252568B8B700348866 /* PickerItem.swift in Sources */,
				EEC92A262568B8B700348866 /* Animatable.swift in Sources */,
				EEC92A222568B8B700348866 /* UIViewController+Extension.swift in Sources */,
				EEC92A282568B8B700348866 /* Toastable.swift in Sources */,
				EEC92A2C2568B8B700348866 /* BaseViewController.swift in Sources */,
				EEC92A272568B8B700348866 /* ImagePickable.swift in Sources */,
				EEC92A2D2568B8B700348866 /* BaseController.swift in Sources */,
				EEC92A242568B8B700348866 /* DocumentPickable.swift in Sources */,
				EEC92A212568B8B700348866 /* UIAlertController+Extension.swift in Sources */,
				EEC92A332568B94400348866 /* Text.swift in Sources */,
				EEC92A292568B8B700348866 /* KeyboardPresentable.swift in Sources */,
				OBJ_23 /* SwiftyCore.swift in Sources */,
				EEC929DD2568B54000348866 /* UI.swift in Sources */,
				EEC92A2B2568B8B700348866 /* LoadingViewController.swift in Sources */,
				EEC92A232568B8B700348866 /* Alertable.swift in Sources */,
			);
			runOnlyForDeploymentPostprocessing = 0;
		};
		OBJ_29 /* Sources */ = {
			isa = PBXSourcesBuildPhase;
			buildActionMask = 0;
			files = (
				OBJ_30 /* Package.swift in Sources */,
			);
			runOnlyForDeploymentPostprocessing = 0;
		};
		OBJ_40 /* Sources */ = {
			isa = PBXSourcesBuildPhase;
			buildActionMask = 0;
			files = (
				OBJ_41 /* SwiftyCoreTests.swift in Sources */,
				OBJ_42 /* XCTestManifests.swift in Sources */,
			);
			runOnlyForDeploymentPostprocessing = 0;
		};
/* End PBXSourcesBuildPhase section */

/* Begin PBXTargetDependency section */
		OBJ_35 /* PBXTargetDependency */ = {
			isa = PBXTargetDependency;
			target = "SwiftyCore::SwiftyCoreTests" /* SwiftyCoreTests */;
			targetProxy = EEC929D52568B49700348866 /* PBXContainerItemProxy */;
		};
		OBJ_45 /* PBXTargetDependency */ = {
			isa = PBXTargetDependency;
			target = "SwiftyCore::SwiftyCore" /* SwiftyCore */;
			targetProxy = EEC929D22568B49600348866 /* PBXContainerItemProxy */;
		};
/* End PBXTargetDependency section */

/* Begin XCBuildConfiguration section */
		OBJ_20 /* Debug */ = {
			isa = XCBuildConfiguration;
			buildSettings = {
				ENABLE_TESTABILITY = YES;
				FRAMEWORK_SEARCH_PATHS = (
					"$(inherited)",
					"$(PLATFORM_DIR)/Developer/Library/Frameworks",
				);
				HEADER_SEARCH_PATHS = "$(inherited)";
				INFOPLIST_FILE = SwiftyCore.xcodeproj/SwiftyCore_Info.plist;
				IPHONEOS_DEPLOYMENT_TARGET = 9.0;
				LD_RUNPATH_SEARCH_PATHS = "$(inherited) $(TOOLCHAIN_DIR)/usr/lib/swift/macosx";
				MACOSX_DEPLOYMENT_TARGET = 10.10;
				OTHER_CFLAGS = "$(inherited)";
				OTHER_LDFLAGS = "$(inherited)";
				OTHER_SWIFT_FLAGS = "$(inherited)";
				PRODUCT_BUNDLE_IDENTIFIER = SwiftyCore;
				PRODUCT_MODULE_NAME = "$(TARGET_NAME:c99extidentifier)";
				PRODUCT_NAME = "$(TARGET_NAME:c99extidentifier)";
				SKIP_INSTALL = YES;
				SWIFT_ACTIVE_COMPILATION_CONDITIONS = "$(inherited)";
				SWIFT_VERSION = 5.0;
				TARGET_NAME = SwiftyCore;
				TVOS_DEPLOYMENT_TARGET = 9.0;
				WATCHOS_DEPLOYMENT_TARGET = 2.0;
			};
			name = Debug;
		};
		OBJ_21 /* Release */ = {
			isa = XCBuildConfiguration;
			buildSettings = {
				ENABLE_TESTABILITY = YES;
				FRAMEWORK_SEARCH_PATHS = (
					"$(inherited)",
					"$(PLATFORM_DIR)/Developer/Library/Frameworks",
				);
				HEADER_SEARCH_PATHS = "$(inherited)";
				INFOPLIST_FILE = SwiftyCore.xcodeproj/SwiftyCore_Info.plist;
				IPHONEOS_DEPLOYMENT_TARGET = 9.0;
				LD_RUNPATH_SEARCH_PATHS = "$(inherited) $(TOOLCHAIN_DIR)/usr/lib/swift/macosx";
				MACOSX_DEPLOYMENT_TARGET = 10.10;
				OTHER_CFLAGS = "$(inherited)";
				OTHER_LDFLAGS = "$(inherited)";
				OTHER_SWIFT_FLAGS = "$(inherited)";
				PRODUCT_BUNDLE_IDENTIFIER = SwiftyCore;
				PRODUCT_MODULE_NAME = "$(TARGET_NAME:c99extidentifier)";
				PRODUCT_NAME = "$(TARGET_NAME:c99extidentifier)";
				SKIP_INSTALL = YES;
				SWIFT_ACTIVE_COMPILATION_CONDITIONS = "$(inherited)";
				SWIFT_VERSION = 5.0;
				TARGET_NAME = SwiftyCore;
				TVOS_DEPLOYMENT_TARGET = 9.0;
				WATCHOS_DEPLOYMENT_TARGET = 2.0;
			};
			name = Release;
		};
		OBJ_27 /* Debug */ = {
			isa = XCBuildConfiguration;
			buildSettings = {
				LD = /usr/bin/true;
				OTHER_SWIFT_FLAGS = "-swift-version 5 -I $(TOOLCHAIN_DIR)/usr/lib/swift/pm/4_2 -sdk /Applications/Xcode.app/Contents/Developer/Platforms/MacOSX.platform/Developer/SDKs/MacOSX11.0.sdk -package-description-version 5.3.0";
				SWIFT_VERSION = 5.0;
			};
			name = Debug;
		};
		OBJ_28 /* Release */ = {
			isa = XCBuildConfiguration;
			buildSettings = {
				LD = /usr/bin/true;
				OTHER_SWIFT_FLAGS = "-swift-version 5 -I $(TOOLCHAIN_DIR)/usr/lib/swift/pm/4_2 -sdk /Applications/Xcode.app/Contents/Developer/Platforms/MacOSX.platform/Developer/SDKs/MacOSX11.0.sdk -package-description-version 5.3.0";
				SWIFT_VERSION = 5.0;
			};
			name = Release;
		};
		OBJ_3 /* Debug */ = {
			isa = XCBuildConfiguration;
			buildSettings = {
				CLANG_ENABLE_OBJC_ARC = YES;
				COMBINE_HIDPI_IMAGES = YES;
				COPY_PHASE_STRIP = NO;
				DEBUG_INFORMATION_FORMAT = dwarf;
				DYLIB_INSTALL_NAME_BASE = "@rpath";
				ENABLE_NS_ASSERTIONS = YES;
				GCC_OPTIMIZATION_LEVEL = 0;
				GCC_PREPROCESSOR_DEFINITIONS = (
					"$(inherited)",
					"SWIFT_PACKAGE=1",
					"DEBUG=1",
				);
				MACOSX_DEPLOYMENT_TARGET = 10.10;
				ONLY_ACTIVE_ARCH = YES;
				OTHER_SWIFT_FLAGS = "$(inherited) -DXcode";
				PRODUCT_NAME = "$(TARGET_NAME)";
				SDKROOT = macosx;
				SUPPORTED_PLATFORMS = "macosx iphoneos iphonesimulator appletvos appletvsimulator watchos watchsimulator";
				SWIFT_ACTIVE_COMPILATION_CONDITIONS = "$(inherited) SWIFT_PACKAGE DEBUG";
				SWIFT_OPTIMIZATION_LEVEL = "-Onone";
				USE_HEADERMAP = NO;
			};
			name = Debug;
		};
		OBJ_33 /* Debug */ = {
			isa = XCBuildConfiguration;
			buildSettings = {
			};
			name = Debug;
		};
		OBJ_34 /* Release */ = {
			isa = XCBuildConfiguration;
			buildSettings = {
			};
			name = Release;
		};
		OBJ_38 /* Debug */ = {
			isa = XCBuildConfiguration;
			buildSettings = {
				CLANG_ENABLE_MODULES = YES;
				EMBEDDED_CONTENT_CONTAINS_SWIFT = YES;
				FRAMEWORK_SEARCH_PATHS = (
					"$(inherited)",
					"$(PLATFORM_DIR)/Developer/Library/Frameworks",
				);
				HEADER_SEARCH_PATHS = "$(inherited)";
				INFOPLIST_FILE = SwiftyCore.xcodeproj/SwiftyCoreTests_Info.plist;
				IPHONEOS_DEPLOYMENT_TARGET = 14.0;
				LD_RUNPATH_SEARCH_PATHS = "$(inherited) @loader_path/../Frameworks @loader_path/Frameworks";
				MACOSX_DEPLOYMENT_TARGET = 10.15;
				OTHER_CFLAGS = "$(inherited)";
				OTHER_LDFLAGS = "$(inherited)";
				OTHER_SWIFT_FLAGS = "$(inherited)";
				SWIFT_ACTIVE_COMPILATION_CONDITIONS = "$(inherited)";
				SWIFT_VERSION = 5.0;
				TARGET_NAME = SwiftyCoreTests;
				TVOS_DEPLOYMENT_TARGET = 9.0;
				WATCHOS_DEPLOYMENT_TARGET = 2.0;
			};
			name = Debug;
		};
		OBJ_39 /* Release */ = {
			isa = XCBuildConfiguration;
			buildSettings = {
				CLANG_ENABLE_MODULES = YES;
				EMBEDDED_CONTENT_CONTAINS_SWIFT = YES;
				FRAMEWORK_SEARCH_PATHS = (
					"$(inherited)",
					"$(PLATFORM_DIR)/Developer/Library/Frameworks",
				);
				HEADER_SEARCH_PATHS = "$(inherited)";
				INFOPLIST_FILE = SwiftyCore.xcodeproj/SwiftyCoreTests_Info.plist;
				IPHONEOS_DEPLOYMENT_TARGET = 14.0;
				LD_RUNPATH_SEARCH_PATHS = "$(inherited) @loader_path/../Frameworks @loader_path/Frameworks";
				MACOSX_DEPLOYMENT_TARGET = 10.15;
				OTHER_CFLAGS = "$(inherited)";
				OTHER_LDFLAGS = "$(inherited)";
				OTHER_SWIFT_FLAGS = "$(inherited)";
				SWIFT_ACTIVE_COMPILATION_CONDITIONS = "$(inherited)";
				SWIFT_VERSION = 5.0;
				TARGET_NAME = SwiftyCoreTests;
				TVOS_DEPLOYMENT_TARGET = 9.0;
				WATCHOS_DEPLOYMENT_TARGET = 2.0;
			};
			name = Release;
		};
		OBJ_4 /* Release */ = {
			isa = XCBuildConfiguration;
			buildSettings = {
				CLANG_ENABLE_OBJC_ARC = YES;
				COMBINE_HIDPI_IMAGES = YES;
				COPY_PHASE_STRIP = YES;
				DEBUG_INFORMATION_FORMAT = "dwarf-with-dsym";
				DYLIB_INSTALL_NAME_BASE = "@rpath";
				GCC_OPTIMIZATION_LEVEL = s;
				GCC_PREPROCESSOR_DEFINITIONS = (
					"$(inherited)",
					"SWIFT_PACKAGE=1",
				);
				MACOSX_DEPLOYMENT_TARGET = 10.10;
				OTHER_SWIFT_FLAGS = "$(inherited) -DXcode";
				PRODUCT_NAME = "$(TARGET_NAME)";
				SDKROOT = macosx;
				SUPPORTED_PLATFORMS = "macosx iphoneos iphonesimulator appletvos appletvsimulator watchos watchsimulator";
				SWIFT_ACTIVE_COMPILATION_CONDITIONS = "$(inherited) SWIFT_PACKAGE";
				SWIFT_OPTIMIZATION_LEVEL = "-Owholemodule";
				USE_HEADERMAP = NO;
			};
			name = Release;
		};
/* End XCBuildConfiguration section */

/* Begin XCConfigurationList section */
		OBJ_19 /* Build configuration list for PBXNativeTarget "SwiftyCore" */ = {
			isa = XCConfigurationList;
			buildConfigurations = (
				OBJ_20 /* Debug */,
				OBJ_21 /* Release */,
			);
			defaultConfigurationIsVisible = 0;
			defaultConfigurationName = Release;
		};
		OBJ_2 /* Build configuration list for PBXProject "SwiftyCore" */ = {
			isa = XCConfigurationList;
			buildConfigurations = (
				OBJ_3 /* Debug */,
				OBJ_4 /* Release */,
			);
			defaultConfigurationIsVisible = 0;
			defaultConfigurationName = Release;
		};
		OBJ_26 /* Build configuration list for PBXNativeTarget "SwiftyCorePackageDescription" */ = {
			isa = XCConfigurationList;
			buildConfigurations = (
				OBJ_27 /* Debug */,
				OBJ_28 /* Release */,
			);
			defaultConfigurationIsVisible = 0;
			defaultConfigurationName = Release;
		};
		OBJ_32 /* Build configuration list for PBXAggregateTarget "SwiftyCorePackageTests" */ = {
			isa = XCConfigurationList;
			buildConfigurations = (
				OBJ_33 /* Debug */,
				OBJ_34 /* Release */,
			);
			defaultConfigurationIsVisible = 0;
			defaultConfigurationName = Release;
		};
		OBJ_37 /* Build configuration list for PBXNativeTarget "SwiftyCoreTests" */ = {
			isa = XCConfigurationList;
			buildConfigurations = (
				OBJ_38 /* Debug */,
				OBJ_39 /* Release */,
			);
			defaultConfigurationIsVisible = 0;
			defaultConfigurationName = Release;
		};
/* End XCConfigurationList section */
	};
	rootObject = OBJ_1 /* Project object */;
}
